// !$*UTF8*$!
{
	archiveVersion = 1;
	classes = {
	};
	objectVersion = 46;
	objects = {

/* Begin PBXBuildFile section */
		1FC0717E1883F24900ED63E8 /* FFAlertView.m in Sources */ = {isa = PBXBuildFile; fileRef = 1FC0717D1883F24900ED63E8 /* FFAlertView.m */; };
		1FC071821883F36D00ED63E8 /* FFSettingViewController.m in Sources */ = {isa = PBXBuildFile; fileRef = 1FC071811883F36D00ED63E8 /* FFSettingViewController.m */; };
		1FC071851884C82600ED63E8 /* FFLocalViewController.m in Sources */ = {isa = PBXBuildFile; fileRef = 1FC071841884C82600ED63E8 /* FFLocalViewController.m */; };
		1FC071891884CDAE00ED63E8 /* FFHelper.m in Sources */ = {isa = PBXBuildFile; fileRef = 1FC071881884CDAE00ED63E8 /* FFHelper.m */; };
		1FC0719F1884FC6600ED63E8 /* AFHTTPRequestOperation.m in Sources */ = {isa = PBXBuildFile; fileRef = 1FC0718D1884FC6600ED63E8 /* AFHTTPRequestOperation.m */; };
		1FC071A01884FC6600ED63E8 /* AFHTTPRequestOperationManager.m in Sources */ = {isa = PBXBuildFile; fileRef = 1FC0718F1884FC6600ED63E8 /* AFHTTPRequestOperationManager.m */; };
		1FC071A11884FC6600ED63E8 /* AFHTTPSessionManager.m in Sources */ = {isa = PBXBuildFile; fileRef = 1FC071911884FC6600ED63E8 /* AFHTTPSessionManager.m */; };
		1FC071A21884FC6600ED63E8 /* AFNetworkReachabilityManager.m in Sources */ = {isa = PBXBuildFile; fileRef = 1FC071941884FC6600ED63E8 /* AFNetworkReachabilityManager.m */; };
		1FC071A31884FC6600ED63E8 /* AFSecurityPolicy.m in Sources */ = {isa = PBXBuildFile; fileRef = 1FC071961884FC6600ED63E8 /* AFSecurityPolicy.m */; };
		1FC071A41884FC6600ED63E8 /* AFURLConnectionOperation.m in Sources */ = {isa = PBXBuildFile; fileRef = 1FC071981884FC6600ED63E8 /* AFURLConnectionOperation.m */; };
		1FC071A51884FC6600ED63E8 /* AFURLRequestSerialization.m in Sources */ = {isa = PBXBuildFile; fileRef = 1FC0719A1884FC6600ED63E8 /* AFURLRequestSerialization.m */; };
		1FC071A61884FC6600ED63E8 /* AFURLResponseSerialization.m in Sources */ = {isa = PBXBuildFile; fileRef = 1FC0719C1884FC6600ED63E8 /* AFURLResponseSerialization.m */; };
		1FC071A71884FC6600ED63E8 /* AFURLSessionManager.m in Sources */ = {isa = PBXBuildFile; fileRef = 1FC0719E1884FC6600ED63E8 /* AFURLSessionManager.m */; };
		1FC071AA1884FCC200ED63E8 /* FFPlayer.m in Sources */ = {isa = PBXBuildFile; fileRef = 1FC071A91884FCC200ED63E8 /* FFPlayer.m */; };
		1FC071B218850D1F00ED63E8 /* ALAirplayView.m in Sources */ = {isa = PBXBuildFile; fileRef = 1FC071AD18850D1F00ED63E8 /* ALAirplayView.m */; };
		1FC071B318850D1F00ED63E8 /* ALButton.m in Sources */ = {isa = PBXBuildFile; fileRef = 1FC071AF18850D1F00ED63E8 /* ALButton.m */; };
		1FC071B418850D1F00ED63E8 /* ALMoviePlayerControls.m in Sources */ = {isa = PBXBuildFile; fileRef = 1FC071B118850D1F00ED63E8 /* ALMoviePlayerControls.m */; };
		1FC071B7188518D900ED63E8 /* FFMovieViewController.m in Sources */ = {isa = PBXBuildFile; fileRef = 1FC071B6188518D900ED63E8 /* FFMovieViewController.m */; };
		1FC071C91885366D00ED63E8 /* movieBackward.png in Resources */ = {isa = PBXBuildFile; fileRef = 1FC071B91885366D00ED63E8 /* movieBackward.png */; };
		1FC071CA1885366D00ED63E8 /* movieBackward@2x.png in Resources */ = {isa = PBXBuildFile; fileRef = 1FC071BA1885366D00ED63E8 /* movieBackward@2x.png */; };
		1FC071CB1885366D00ED63E8 /* movieBackwardSelected.png in Resources */ = {isa = PBXBuildFile; fileRef = 1FC071BB1885366D00ED63E8 /* movieBackwardSelected.png */; };
		1FC071CC1885366D00ED63E8 /* movieBackwardSelected@2x.png in Resources */ = {isa = PBXBuildFile; fileRef = 1FC071BC1885366D00ED63E8 /* movieBackwardSelected@2x.png */; };
		1FC071CD1885366D00ED63E8 /* movieEndFullscreen.png in Resources */ = {isa = PBXBuildFile; fileRef = 1FC071BD1885366D00ED63E8 /* movieEndFullscreen.png */; };
		1FC071CE1885366D00ED63E8 /* movieEndFullscreen@2x.png in Resources */ = {isa = PBXBuildFile; fileRef = 1FC071BE1885366D00ED63E8 /* movieEndFullscreen@2x.png */; };
		1FC071CF1885366D00ED63E8 /* movieForward.png in Resources */ = {isa = PBXBuildFile; fileRef = 1FC071BF1885366D00ED63E8 /* movieForward.png */; };
		1FC071D01885366D00ED63E8 /* movieForward@2x.png in Resources */ = {isa = PBXBuildFile; fileRef = 1FC071C01885366D00ED63E8 /* movieForward@2x.png */; };
		1FC071D11885366D00ED63E8 /* movieForwardSelected.png in Resources */ = {isa = PBXBuildFile; fileRef = 1FC071C11885366D00ED63E8 /* movieForwardSelected.png */; };
		1FC071D21885366D00ED63E8 /* movieForwardSelected@2x.png in Resources */ = {isa = PBXBuildFile; fileRef = 1FC071C21885366D00ED63E8 /* movieForwardSelected@2x.png */; };
		1FC071D31885366D00ED63E8 /* movieFullscreen.png in Resources */ = {isa = PBXBuildFile; fileRef = 1FC071C31885366D00ED63E8 /* movieFullscreen.png */; };
		1FC071D41885366D00ED63E8 /* movieFullscreen@2x.png in Resources */ = {isa = PBXBuildFile; fileRef = 1FC071C41885366D00ED63E8 /* movieFullscreen@2x.png */; };
		1FC071D51885366D00ED63E8 /* moviePause.png in Resources */ = {isa = PBXBuildFile; fileRef = 1FC071C51885366D00ED63E8 /* moviePause.png */; };
		1FC071D61885366D00ED63E8 /* moviePause@2x.png in Resources */ = {isa = PBXBuildFile; fileRef = 1FC071C61885366D00ED63E8 /* moviePause@2x.png */; };
		1FC071D71885366D00ED63E8 /* moviePlay.png in Resources */ = {isa = PBXBuildFile; fileRef = 1FC071C71885366D00ED63E8 /* moviePlay.png */; };
		1FC071D81885366D00ED63E8 /* moviePlay@2x.png in Resources */ = {isa = PBXBuildFile; fileRef = 1FC071C81885366D00ED63E8 /* moviePlay@2x.png */; };
		1FC071DD1886508200ED63E8 /* movieNext.png in Resources */ = {isa = PBXBuildFile; fileRef = 1FC071D91886508200ED63E8 /* movieNext.png */; };
		1FC071DE1886508200ED63E8 /* movieNext@2x.png in Resources */ = {isa = PBXBuildFile; fileRef = 1FC071DA1886508200ED63E8 /* movieNext@2x.png */; };
		1FC071DF1886508200ED63E8 /* moviePrev.png in Resources */ = {isa = PBXBuildFile; fileRef = 1FC071DB1886508200ED63E8 /* moviePrev.png */; };
		1FC071E01886508200ED63E8 /* moviePrev@2x.png in Resources */ = {isa = PBXBuildFile; fileRef = 1FC071DC1886508200ED63E8 /* moviePrev@2x.png */; };
		1FC071E31887B68A00ED63E8 /* FFTabViewController.m in Sources */ = {isa = PBXBuildFile; fileRef = 1FC071E21887B68A00ED63E8 /* FFTabViewController.m */; };
		1FE5F8711883891D00CB4C09 /* Foundation.framework in Frameworks */ = {isa = PBXBuildFile; fileRef = 1FE5F8701883891D00CB4C09 /* Foundation.framework */; };
		1FE5F8731883891D00CB4C09 /* CoreGraphics.framework in Frameworks */ = {isa = PBXBuildFile; fileRef = 1FE5F8721883891D00CB4C09 /* CoreGraphics.framework */; };
		1FE5F8751883891D00CB4C09 /* UIKit.framework in Frameworks */ = {isa = PBXBuildFile; fileRef = 1FE5F8741883891D00CB4C09 /* UIKit.framework */; };
		1FE5F87B1883891D00CB4C09 /* InfoPlist.strings in Resources */ = {isa = PBXBuildFile; fileRef = 1FE5F8791883891D00CB4C09 /* InfoPlist.strings */; };
		1FE5F87D1883891D00CB4C09 /* main.m in Sources */ = {isa = PBXBuildFile; fileRef = 1FE5F87C1883891D00CB4C09 /* main.m */; };
		1FE5F8811883891D00CB4C09 /* FFAppDelegate.m in Sources */ = {isa = PBXBuildFile; fileRef = 1FE5F8801883891D00CB4C09 /* FFAppDelegate.m */; };
		1FE5F8841883891D00CB4C09 /* Main_iPhone.storyboard in Resources */ = {isa = PBXBuildFile; fileRef = 1FE5F8821883891D00CB4C09 /* Main_iPhone.storyboard */; };
		1FE5F8871883891D00CB4C09 /* Main_iPad.storyboard in Resources */ = {isa = PBXBuildFile; fileRef = 1FE5F8851883891D00CB4C09 /* Main_iPad.storyboard */; };
		1FE5F88F1883891D00CB4C09 /* Images.xcassets in Resources */ = {isa = PBXBuildFile; fileRef = 1FE5F88E1883891D00CB4C09 /* Images.xcassets */; };
		1FE5F8961883891D00CB4C09 /* XCTest.framework in Frameworks */ = {isa = PBXBuildFile; fileRef = 1FE5F8951883891D00CB4C09 /* XCTest.framework */; };
		1FE5F8971883891D00CB4C09 /* Foundation.framework in Frameworks */ = {isa = PBXBuildFile; fileRef = 1FE5F8701883891D00CB4C09 /* Foundation.framework */; };
		1FE5F8981883891D00CB4C09 /* UIKit.framework in Frameworks */ = {isa = PBXBuildFile; fileRef = 1FE5F8741883891D00CB4C09 /* UIKit.framework */; };
		1FE5F8A01883891D00CB4C09 /* InfoPlist.strings in Resources */ = {isa = PBXBuildFile; fileRef = 1FE5F89E1883891D00CB4C09 /* InfoPlist.strings */; };
		1FE5F8A21883891D00CB4C09 /* FFPlayerTests.m in Sources */ = {isa = PBXBuildFile; fileRef = 1FE5F8A11883891D00CB4C09 /* FFPlayerTests.m */; };
		1FE5F8B618838DA700CB4C09 /* KxAudioManager.m in Sources */ = {isa = PBXBuildFile; fileRef = 1FE5F8AD18838DA700CB4C09 /* KxAudioManager.m */; };
		1FE5F8B818838DA700CB4C09 /* KxMovieDecoder.m in Sources */ = {isa = PBXBuildFile; fileRef = 1FE5F8B118838DA700CB4C09 /* KxMovieDecoder.m */; };
		1FE5F8B918838DA700CB4C09 /* KxMovieGLView.m in Sources */ = {isa = PBXBuildFile; fileRef = 1FE5F8B318838DA700CB4C09 /* KxMovieGLView.m */; };
		1FE5F8BA18838DA700CB4C09 /* KxMovieViewController.m in Sources */ = {isa = PBXBuildFile; fileRef = 1FE5F8B518838DA700CB4C09 /* KxMovieViewController.m */; };
		1FE5F8DA18838E8600CB4C09 /* libavcodec.a in Frameworks */ = {isa = PBXBuildFile; fileRef = 1FE5F8D518838E8600CB4C09 /* libavcodec.a */; };
		1FE5F8DB18838E8700CB4C09 /* libavformat.a in Frameworks */ = {isa = PBXBuildFile; fileRef = 1FE5F8D618838E8600CB4C09 /* libavformat.a */; };
		1FE5F8DC18838E8700CB4C09 /* libavutil.a in Frameworks */ = {isa = PBXBuildFile; fileRef = 1FE5F8D718838E8600CB4C09 /* libavutil.a */; };
		1FE5F8DD18838E8700CB4C09 /* libswresample.a in Frameworks */ = {isa = PBXBuildFile; fileRef = 1FE5F8D818838E8600CB4C09 /* libswresample.a */; };
		1FE5F8DE18838E8700CB4C09 /* libswscale.a in Frameworks */ = {isa = PBXBuildFile; fileRef = 1FE5F8D918838E8600CB4C09 /* libswscale.a */; };
		1FE5F8E018838E9900CB4C09 /* MediaPlayer.framework in Frameworks */ = {isa = PBXBuildFile; fileRef = 1FE5F8DF18838E9900CB4C09 /* MediaPlayer.framework */; };
		1FE5F8E218838EA500CB4C09 /* CoreAudio.framework in Frameworks */ = {isa = PBXBuildFile; fileRef = 1FE5F8E118838EA500CB4C09 /* CoreAudio.framework */; };
		1FE5F8E418838EB200CB4C09 /* AudioToolbox.framework in Frameworks */ = {isa = PBXBuildFile; fileRef = 1FE5F8E318838EB200CB4C09 /* AudioToolbox.framework */; };
		1FE5F8E618838EC000CB4C09 /* Accelerate.framework in Frameworks */ = {isa = PBXBuildFile; fileRef = 1FE5F8E518838EC000CB4C09 /* Accelerate.framework */; };
		1FE5F8E818838ECD00CB4C09 /* QuartzCore.framework in Frameworks */ = {isa = PBXBuildFile; fileRef = 1FE5F8E718838ECD00CB4C09 /* QuartzCore.framework */; };
		1FE5F8EA18838EDA00CB4C09 /* OpenGLES.framework in Frameworks */ = {isa = PBXBuildFile; fileRef = 1FE5F8E918838EDA00CB4C09 /* OpenGLES.framework */; };
		1FE5F8EC18838EEA00CB4C09 /* libz.dylib in Frameworks */ = {isa = PBXBuildFile; fileRef = 1FE5F8EB18838EEA00CB4C09 /* libz.dylib */; };
		1FE5F8EE1883930D00CB4C09 /* AVFoundation.framework in Frameworks */ = {isa = PBXBuildFile; fileRef = 1FE5F8ED1883930D00CB4C09 /* AVFoundation.framework */; };
		4D0165C418856D650031DC71 /* FFInternalMoviePlayerController.m in Sources */ = {isa = PBXBuildFile; fileRef = 4D0165C318856D650031DC71 /* FFInternalMoviePlayerController.m */; };
		4DBD97F8188814D000C71747 /* folder.png in Resources */ = {isa = PBXBuildFile; fileRef = 4DBD97F6188814D000C71747 /* folder.png */; };
		4DBD97F9188814D000C71747 /* folder@2x.png in Resources */ = {isa = PBXBuildFile; fileRef = 4DBD97F7188814D000C71747 /* folder@2x.png */; };
		4DBD97FC1888156D00C71747 /* movie.png in Resources */ = {isa = PBXBuildFile; fileRef = 4DBD97FA1888156D00C71747 /* movie.png */; };
		4DBD97FD1888156D00C71747 /* movie@2x.png in Resources */ = {isa = PBXBuildFile; fileRef = 4DBD97FB1888156D00C71747 /* movie@2x.png */; };
		4DBD9800188815FD00C71747 /* padlock.png in Resources */ = {isa = PBXBuildFile; fileRef = 4DBD97FE188815FD00C71747 /* padlock.png */; };
		4DBD9801188815FD00C71747 /* padlock@2x.png in Resources */ = {isa = PBXBuildFile; fileRef = 4DBD97FF188815FD00C71747 /* padlock@2x.png */; };
		4DBD98041888168400C71747 /* disk.png in Resources */ = {isa = PBXBuildFile; fileRef = 4DBD98021888168400C71747 /* disk.png */; };
		4DBD98051888168400C71747 /* disk@2x.png in Resources */ = {isa = PBXBuildFile; fileRef = 4DBD98031888168400C71747 /* disk@2x.png */; };
		4DBD981018882A0600C71747 /* GCDWebServer.m in Sources */ = {isa = PBXBuildFile; fileRef = 4DBD980818882A0600C71747 /* GCDWebServer.m */; };
		4DBD981118882A0600C71747 /* GCDWebServerConnection.m in Sources */ = {isa = PBXBuildFile; fileRef = 4DBD980A18882A0600C71747 /* GCDWebServerConnection.m */; };
		4DBD981218882A0600C71747 /* GCDWebServerRequest.m in Sources */ = {isa = PBXBuildFile; fileRef = 4DBD980D18882A0600C71747 /* GCDWebServerRequest.m */; };
		4DBD981318882A0600C71747 /* GCDWebServerResponse.m in Sources */ = {isa = PBXBuildFile; fileRef = 4DBD980F18882A0600C71747 /* GCDWebServerResponse.m */; };
		4DBD981618882FA100C71747 /* FFWebServer.m in Sources */ = {isa = PBXBuildFile; fileRef = 4DBD981518882FA100C71747 /* FFWebServer.m */; };
/* End PBXBuildFile section */

/* Begin PBXContainerItemProxy section */
		1FE5F8991883891D00CB4C09 /* PBXContainerItemProxy */ = {
			isa = PBXContainerItemProxy;
			containerPortal = 1FE5F8651883891D00CB4C09 /* Project object */;
			proxyType = 1;
			remoteGlobalIDString = 1FE5F86C1883891D00CB4C09;
			remoteInfo = FFPlayer;
		};
/* End PBXContainerItemProxy section */

/* Begin PBXFileReference section */
		1FC0717C1883F24900ED63E8 /* FFAlertView.h */ = {isa = PBXFileReference; fileEncoding = 4; lastKnownFileType = sourcecode.c.h; name = FFAlertView.h; path = GUI/FFAlertView.h; sourceTree = "<group>"; };
		1FC0717D1883F24900ED63E8 /* FFAlertView.m */ = {isa = PBXFileReference; fileEncoding = 4; lastKnownFileType = sourcecode.c.objc; name = FFAlertView.m; path = GUI/FFAlertView.m; sourceTree = "<group>"; };
		1FC071801883F36D00ED63E8 /* FFSettingViewController.h */ = {isa = PBXFileReference; fileEncoding = 4; lastKnownFileType = sourcecode.c.h; name = FFSettingViewController.h; path = GUI/FFSettingViewController.h; sourceTree = "<group>"; };
		1FC071811883F36D00ED63E8 /* FFSettingViewController.m */ = {isa = PBXFileReference; fileEncoding = 4; lastKnownFileType = sourcecode.c.objc; name = FFSettingViewController.m; path = GUI/FFSettingViewController.m; sourceTree = "<group>"; };
		1FC071831884C82600ED63E8 /* FFLocalViewController.h */ = {isa = PBXFileReference; fileEncoding = 4; lastKnownFileType = sourcecode.c.h; name = FFLocalViewController.h; path = GUI/FFLocalViewController.h; sourceTree = "<group>"; };
		1FC071841884C82600ED63E8 /* FFLocalViewController.m */ = {isa = PBXFileReference; fileEncoding = 4; lastKnownFileType = sourcecode.c.objc; name = FFLocalViewController.m; path = GUI/FFLocalViewController.m; sourceTree = "<group>"; };
		1FC071871884CDAE00ED63E8 /* FFHelper.h */ = {isa = PBXFileReference; fileEncoding = 4; lastKnownFileType = sourcecode.c.h; name = FFHelper.h; path = Module/FFHelper.h; sourceTree = "<group>"; };
		1FC071881884CDAE00ED63E8 /* FFHelper.m */ = {isa = PBXFileReference; fileEncoding = 4; lastKnownFileType = sourcecode.c.objc; name = FFHelper.m; path = Module/FFHelper.m; sourceTree = "<group>"; };
		1FC0718C1884FC6600ED63E8 /* AFHTTPRequestOperation.h */ = {isa = PBXFileReference; fileEncoding = 4; lastKnownFileType = sourcecode.c.h; name = AFHTTPRequestOperation.h; path = OtherLibs/AFNetworking/AFHTTPRequestOperation.h; sourceTree = "<group>"; };
		1FC0718D1884FC6600ED63E8 /* AFHTTPRequestOperation.m */ = {isa = PBXFileReference; fileEncoding = 4; lastKnownFileType = sourcecode.c.objc; name = AFHTTPRequestOperation.m; path = OtherLibs/AFNetworking/AFHTTPRequestOperation.m; sourceTree = "<group>"; };
		1FC0718E1884FC6600ED63E8 /* AFHTTPRequestOperationManager.h */ = {isa = PBXFileReference; fileEncoding = 4; lastKnownFileType = sourcecode.c.h; name = AFHTTPRequestOperationManager.h; path = OtherLibs/AFNetworking/AFHTTPRequestOperationManager.h; sourceTree = "<group>"; };
		1FC0718F1884FC6600ED63E8 /* AFHTTPRequestOperationManager.m */ = {isa = PBXFileReference; fileEncoding = 4; lastKnownFileType = sourcecode.c.objc; name = AFHTTPRequestOperationManager.m; path = OtherLibs/AFNetworking/AFHTTPRequestOperationManager.m; sourceTree = "<group>"; };
		1FC071901884FC6600ED63E8 /* AFHTTPSessionManager.h */ = {isa = PBXFileReference; fileEncoding = 4; lastKnownFileType = sourcecode.c.h; name = AFHTTPSessionManager.h; path = OtherLibs/AFNetworking/AFHTTPSessionManager.h; sourceTree = "<group>"; };
		1FC071911884FC6600ED63E8 /* AFHTTPSessionManager.m */ = {isa = PBXFileReference; fileEncoding = 4; lastKnownFileType = sourcecode.c.objc; name = AFHTTPSessionManager.m; path = OtherLibs/AFNetworking/AFHTTPSessionManager.m; sourceTree = "<group>"; };
		1FC071921884FC6600ED63E8 /* AFNetworking.h */ = {isa = PBXFileReference; fileEncoding = 4; lastKnownFileType = sourcecode.c.h; name = AFNetworking.h; path = OtherLibs/AFNetworking/AFNetworking.h; sourceTree = "<group>"; };
		1FC071931884FC6600ED63E8 /* AFNetworkReachabilityManager.h */ = {isa = PBXFileReference; fileEncoding = 4; lastKnownFileType = sourcecode.c.h; name = AFNetworkReachabilityManager.h; path = OtherLibs/AFNetworking/AFNetworkReachabilityManager.h; sourceTree = "<group>"; };
		1FC071941884FC6600ED63E8 /* AFNetworkReachabilityManager.m */ = {isa = PBXFileReference; fileEncoding = 4; lastKnownFileType = sourcecode.c.objc; name = AFNetworkReachabilityManager.m; path = OtherLibs/AFNetworking/AFNetworkReachabilityManager.m; sourceTree = "<group>"; };
		1FC071951884FC6600ED63E8 /* AFSecurityPolicy.h */ = {isa = PBXFileReference; fileEncoding = 4; lastKnownFileType = sourcecode.c.h; name = AFSecurityPolicy.h; path = OtherLibs/AFNetworking/AFSecurityPolicy.h; sourceTree = "<group>"; };
		1FC071961884FC6600ED63E8 /* AFSecurityPolicy.m */ = {isa = PBXFileReference; fileEncoding = 4; lastKnownFileType = sourcecode.c.objc; name = AFSecurityPolicy.m; path = OtherLibs/AFNetworking/AFSecurityPolicy.m; sourceTree = "<group>"; };
		1FC071971884FC6600ED63E8 /* AFURLConnectionOperation.h */ = {isa = PBXFileReference; fileEncoding = 4; lastKnownFileType = sourcecode.c.h; name = AFURLConnectionOperation.h; path = OtherLibs/AFNetworking/AFURLConnectionOperation.h; sourceTree = "<group>"; };
		1FC071981884FC6600ED63E8 /* AFURLConnectionOperation.m */ = {isa = PBXFileReference; fileEncoding = 4; lastKnownFileType = sourcecode.c.objc; name = AFURLConnectionOperation.m; path = OtherLibs/AFNetworking/AFURLConnectionOperation.m; sourceTree = "<group>"; };
		1FC071991884FC6600ED63E8 /* AFURLRequestSerialization.h */ = {isa = PBXFileReference; fileEncoding = 4; lastKnownFileType = sourcecode.c.h; name = AFURLRequestSerialization.h; path = OtherLibs/AFNetworking/AFURLRequestSerialization.h; sourceTree = "<group>"; };
		1FC0719A1884FC6600ED63E8 /* AFURLRequestSerialization.m */ = {isa = PBXFileReference; fileEncoding = 4; lastKnownFileType = sourcecode.c.objc; name = AFURLRequestSerialization.m; path = OtherLibs/AFNetworking/AFURLRequestSerialization.m; sourceTree = "<group>"; };
		1FC0719B1884FC6600ED63E8 /* AFURLResponseSerialization.h */ = {isa = PBXFileReference; fileEncoding = 4; lastKnownFileType = sourcecode.c.h; name = AFURLResponseSerialization.h; path = OtherLibs/AFNetworking/AFURLResponseSerialization.h; sourceTree = "<group>"; };
		1FC0719C1884FC6600ED63E8 /* AFURLResponseSerialization.m */ = {isa = PBXFileReference; fileEncoding = 4; lastKnownFileType = sourcecode.c.objc; name = AFURLResponseSerialization.m; path = OtherLibs/AFNetworking/AFURLResponseSerialization.m; sourceTree = "<group>"; };
		1FC0719D1884FC6600ED63E8 /* AFURLSessionManager.h */ = {isa = PBXFileReference; fileEncoding = 4; lastKnownFileType = sourcecode.c.h; name = AFURLSessionManager.h; path = OtherLibs/AFNetworking/AFURLSessionManager.h; sourceTree = "<group>"; };
		1FC0719E1884FC6600ED63E8 /* AFURLSessionManager.m */ = {isa = PBXFileReference; fileEncoding = 4; lastKnownFileType = sourcecode.c.objc; name = AFURLSessionManager.m; path = OtherLibs/AFNetworking/AFURLSessionManager.m; sourceTree = "<group>"; };
		1FC071A81884FCC200ED63E8 /* FFPlayer.h */ = {isa = PBXFileReference; fileEncoding = 4; lastKnownFileType = sourcecode.c.h; name = FFPlayer.h; path = Module/FFPlayer.h; sourceTree = "<group>"; };
		1FC071A91884FCC200ED63E8 /* FFPlayer.m */ = {isa = PBXFileReference; fileEncoding = 4; lastKnownFileType = sourcecode.c.objc; name = FFPlayer.m; path = Module/FFPlayer.m; sourceTree = "<group>"; };
		1FC071AC18850D1F00ED63E8 /* ALAirplayView.h */ = {isa = PBXFileReference; fileEncoding = 4; lastKnownFileType = sourcecode.c.h; name = ALAirplayView.h; path = OtherLibs/ALMoviePlayerController/ALAirplayView.h; sourceTree = "<group>"; };
		1FC071AD18850D1F00ED63E8 /* ALAirplayView.m */ = {isa = PBXFileReference; fileEncoding = 4; lastKnownFileType = sourcecode.c.objc; name = ALAirplayView.m; path = OtherLibs/ALMoviePlayerController/ALAirplayView.m; sourceTree = "<group>"; };
		1FC071AE18850D1F00ED63E8 /* ALButton.h */ = {isa = PBXFileReference; fileEncoding = 4; lastKnownFileType = sourcecode.c.h; name = ALButton.h; path = OtherLibs/ALMoviePlayerController/ALButton.h; sourceTree = "<group>"; };
		1FC071AF18850D1F00ED63E8 /* ALButton.m */ = {isa = PBXFileReference; fileEncoding = 4; lastKnownFileType = sourcecode.c.objc; name = ALButton.m; path = OtherLibs/ALMoviePlayerController/ALButton.m; sourceTree = "<group>"; };
		1FC071B018850D1F00ED63E8 /* ALMoviePlayerControls.h */ = {isa = PBXFileReference; fileEncoding = 4; lastKnownFileType = sourcecode.c.h; name = ALMoviePlayerControls.h; path = OtherLibs/ALMoviePlayerController/ALMoviePlayerControls.h; sourceTree = "<group>"; };
		1FC071B118850D1F00ED63E8 /* ALMoviePlayerControls.m */ = {isa = PBXFileReference; fileEncoding = 4; lastKnownFileType = sourcecode.c.objc; name = ALMoviePlayerControls.m; path = OtherLibs/ALMoviePlayerController/ALMoviePlayerControls.m; sourceTree = "<group>"; };
		1FC071B5188518D900ED63E8 /* FFMovieViewController.h */ = {isa = PBXFileReference; fileEncoding = 4; lastKnownFileType = sourcecode.c.h; name = FFMovieViewController.h; path = GUI/FFMovieViewController.h; sourceTree = "<group>"; };
		1FC071B6188518D900ED63E8 /* FFMovieViewController.m */ = {isa = PBXFileReference; fileEncoding = 4; lastKnownFileType = sourcecode.c.objc; name = FFMovieViewController.m; path = GUI/FFMovieViewController.m; sourceTree = "<group>"; };
		1FC071B91885366D00ED63E8 /* movieBackward.png */ = {isa = PBXFileReference; lastKnownFileType = image.png; name = movieBackward.png; path = Resource/movieBackward.png; sourceTree = "<group>"; };
		1FC071BA1885366D00ED63E8 /* movieBackward@2x.png */ = {isa = PBXFileReference; lastKnownFileType = image.png; name = "movieBackward@2x.png"; path = "Resource/movieBackward@2x.png"; sourceTree = "<group>"; };
		1FC071BB1885366D00ED63E8 /* movieBackwardSelected.png */ = {isa = PBXFileReference; lastKnownFileType = image.png; name = movieBackwardSelected.png; path = Resource/movieBackwardSelected.png; sourceTree = "<group>"; };
		1FC071BC1885366D00ED63E8 /* movieBackwardSelected@2x.png */ = {isa = PBXFileReference; lastKnownFileType = image.png; name = "movieBackwardSelected@2x.png"; path = "Resource/movieBackwardSelected@2x.png"; sourceTree = "<group>"; };
		1FC071BD1885366D00ED63E8 /* movieEndFullscreen.png */ = {isa = PBXFileReference; lastKnownFileType = image.png; name = movieEndFullscreen.png; path = Resource/movieEndFullscreen.png; sourceTree = "<group>"; };
		1FC071BE1885366D00ED63E8 /* movieEndFullscreen@2x.png */ = {isa = PBXFileReference; lastKnownFileType = image.png; name = "movieEndFullscreen@2x.png"; path = "Resource/movieEndFullscreen@2x.png"; sourceTree = "<group>"; };
		1FC071BF1885366D00ED63E8 /* movieForward.png */ = {isa = PBXFileReference; lastKnownFileType = image.png; name = movieForward.png; path = Resource/movieForward.png; sourceTree = "<group>"; };
		1FC071C01885366D00ED63E8 /* movieForward@2x.png */ = {isa = PBXFileReference; lastKnownFileType = image.png; name = "movieForward@2x.png"; path = "Resource/movieForward@2x.png"; sourceTree = "<group>"; };
		1FC071C11885366D00ED63E8 /* movieForwardSelected.png */ = {isa = PBXFileReference; lastKnownFileType = image.png; name = movieForwardSelected.png; path = Resource/movieForwardSelected.png; sourceTree = "<group>"; };
		1FC071C21885366D00ED63E8 /* movieForwardSelected@2x.png */ = {isa = PBXFileReference; lastKnownFileType = image.png; name = "movieForwardSelected@2x.png"; path = "Resource/movieForwardSelected@2x.png"; sourceTree = "<group>"; };
		1FC071C31885366D00ED63E8 /* movieFullscreen.png */ = {isa = PBXFileReference; lastKnownFileType = image.png; name = movieFullscreen.png; path = Resource/movieFullscreen.png; sourceTree = "<group>"; };
		1FC071C41885366D00ED63E8 /* movieFullscreen@2x.png */ = {isa = PBXFileReference; lastKnownFileType = image.png; name = "movieFullscreen@2x.png"; path = "Resource/movieFullscreen@2x.png"; sourceTree = "<group>"; };
		1FC071C51885366D00ED63E8 /* moviePause.png */ = {isa = PBXFileReference; lastKnownFileType = image.png; name = moviePause.png; path = Resource/moviePause.png; sourceTree = "<group>"; };
		1FC071C61885366D00ED63E8 /* moviePause@2x.png */ = {isa = PBXFileReference; lastKnownFileType = image.png; name = "moviePause@2x.png"; path = "Resource/moviePause@2x.png"; sourceTree = "<group>"; };
		1FC071C71885366D00ED63E8 /* moviePlay.png */ = {isa = PBXFileReference; lastKnownFileType = image.png; name = moviePlay.png; path = Resource/moviePlay.png; sourceTree = "<group>"; };
		1FC071C81885366D00ED63E8 /* moviePlay@2x.png */ = {isa = PBXFileReference; lastKnownFileType = image.png; name = "moviePlay@2x.png"; path = "Resource/moviePlay@2x.png"; sourceTree = "<group>"; };
		1FC071D91886508200ED63E8 /* movieNext.png */ = {isa = PBXFileReference; lastKnownFileType = image.png; name = movieNext.png; path = Resource/movieNext.png; sourceTree = "<group>"; };
		1FC071DA1886508200ED63E8 /* movieNext@2x.png */ = {isa = PBXFileReference; lastKnownFileType = image.png; name = "movieNext@2x.png"; path = "Resource/movieNext@2x.png"; sourceTree = "<group>"; };
		1FC071DB1886508200ED63E8 /* moviePrev.png */ = {isa = PBXFileReference; lastKnownFileType = image.png; name = moviePrev.png; path = Resource/moviePrev.png; sourceTree = "<group>"; };
		1FC071DC1886508200ED63E8 /* moviePrev@2x.png */ = {isa = PBXFileReference; lastKnownFileType = image.png; name = "moviePrev@2x.png"; path = "Resource/moviePrev@2x.png"; sourceTree = "<group>"; };
		1FC071E11887B68A00ED63E8 /* FFTabViewController.h */ = {isa = PBXFileReference; fileEncoding = 4; lastKnownFileType = sourcecode.c.h; name = FFTabViewController.h; path = GUI/FFTabViewController.h; sourceTree = "<group>"; };
		1FC071E21887B68A00ED63E8 /* FFTabViewController.m */ = {isa = PBXFileReference; fileEncoding = 4; lastKnownFileType = sourcecode.c.objc; name = FFTabViewController.m; path = GUI/FFTabViewController.m; sourceTree = "<group>"; };
		1FE5F86D1883891D00CB4C09 /* FFPlayer.app */ = {isa = PBXFileReference; explicitFileType = wrapper.application; includeInIndex = 0; path = FFPlayer.app; sourceTree = BUILT_PRODUCTS_DIR; };
		1FE5F8701883891D00CB4C09 /* Foundation.framework */ = {isa = PBXFileReference; lastKnownFileType = wrapper.framework; name = Foundation.framework; path = System/Library/Frameworks/Foundation.framework; sourceTree = SDKROOT; };
		1FE5F8721883891D00CB4C09 /* CoreGraphics.framework */ = {isa = PBXFileReference; lastKnownFileType = wrapper.framework; name = CoreGraphics.framework; path = System/Library/Frameworks/CoreGraphics.framework; sourceTree = SDKROOT; };
		1FE5F8741883891D00CB4C09 /* UIKit.framework */ = {isa = PBXFileReference; lastKnownFileType = wrapper.framework; name = UIKit.framework; path = System/Library/Frameworks/UIKit.framework; sourceTree = SDKROOT; };
		1FE5F8781883891D00CB4C09 /* FFPlayer-Info.plist */ = {isa = PBXFileReference; lastKnownFileType = text.plist.xml; path = "FFPlayer-Info.plist"; sourceTree = "<group>"; };
		1FE5F87A1883891D00CB4C09 /* en */ = {isa = PBXFileReference; lastKnownFileType = text.plist.strings; name = en; path = en.lproj/InfoPlist.strings; sourceTree = "<group>"; };
		1FE5F87C1883891D00CB4C09 /* main.m */ = {isa = PBXFileReference; lastKnownFileType = sourcecode.c.objc; path = main.m; sourceTree = "<group>"; };
		1FE5F87E1883891D00CB4C09 /* FFPlayer-Prefix.pch */ = {isa = PBXFileReference; lastKnownFileType = sourcecode.c.h; path = "FFPlayer-Prefix.pch"; sourceTree = "<group>"; };
		1FE5F87F1883891D00CB4C09 /* FFAppDelegate.h */ = {isa = PBXFileReference; lastKnownFileType = sourcecode.c.h; path = FFAppDelegate.h; sourceTree = "<group>"; };
		1FE5F8801883891D00CB4C09 /* FFAppDelegate.m */ = {isa = PBXFileReference; lastKnownFileType = sourcecode.c.objc; path = FFAppDelegate.m; sourceTree = "<group>"; };
		1FE5F8831883891D00CB4C09 /* Base */ = {isa = PBXFileReference; lastKnownFileType = file.storyboard; name = Base; path = Base.lproj/Main_iPhone.storyboard; sourceTree = "<group>"; };
		1FE5F8861883891D00CB4C09 /* Base */ = {isa = PBXFileReference; lastKnownFileType = file.storyboard; name = Base; path = Base.lproj/Main_iPad.storyboard; sourceTree = "<group>"; };
		1FE5F88E1883891D00CB4C09 /* Images.xcassets */ = {isa = PBXFileReference; lastKnownFileType = folder.assetcatalog; path = Images.xcassets; sourceTree = "<group>"; };
		1FE5F8941883891D00CB4C09 /* FFPlayerTests.xctest */ = {isa = PBXFileReference; explicitFileType = wrapper.cfbundle; includeInIndex = 0; path = FFPlayerTests.xctest; sourceTree = BUILT_PRODUCTS_DIR; };
		1FE5F8951883891D00CB4C09 /* XCTest.framework */ = {isa = PBXFileReference; lastKnownFileType = wrapper.framework; name = XCTest.framework; path = Library/Frameworks/XCTest.framework; sourceTree = DEVELOPER_DIR; };
		1FE5F89D1883891D00CB4C09 /* FFPlayerTests-Info.plist */ = {isa = PBXFileReference; lastKnownFileType = text.plist.xml; path = "FFPlayerTests-Info.plist"; sourceTree = "<group>"; };
		1FE5F89F1883891D00CB4C09 /* en */ = {isa = PBXFileReference; lastKnownFileType = text.plist.strings; name = en; path = en.lproj/InfoPlist.strings; sourceTree = "<group>"; };
		1FE5F8A11883891D00CB4C09 /* FFPlayerTests.m */ = {isa = PBXFileReference; lastKnownFileType = sourcecode.c.objc; path = FFPlayerTests.m; sourceTree = "<group>"; };
		1FE5F8AC18838DA700CB4C09 /* KxAudioManager.h */ = {isa = PBXFileReference; fileEncoding = 4; lastKnownFileType = sourcecode.c.h; name = KxAudioManager.h; path = ../kxmovie/KxAudioManager.h; sourceTree = "<group>"; };
		1FE5F8AD18838DA700CB4C09 /* KxAudioManager.m */ = {isa = PBXFileReference; fileEncoding = 4; lastKnownFileType = sourcecode.c.objc; name = KxAudioManager.m; path = ../kxmovie/KxAudioManager.m; sourceTree = "<group>"; };
		1FE5F8AE18838DA700CB4C09 /* kxmovie-Prefix.pch */ = {isa = PBXFileReference; fileEncoding = 4; lastKnownFileType = sourcecode.c.h; name = "kxmovie-Prefix.pch"; path = "../kxmovie/kxmovie-Prefix.pch"; sourceTree = "<group>"; };
		1FE5F8B018838DA700CB4C09 /* KxMovieDecoder.h */ = {isa = PBXFileReference; fileEncoding = 4; lastKnownFileType = sourcecode.c.h; name = KxMovieDecoder.h; path = ../kxmovie/KxMovieDecoder.h; sourceTree = "<group>"; };
		1FE5F8B118838DA700CB4C09 /* KxMovieDecoder.m */ = {isa = PBXFileReference; fileEncoding = 4; lastKnownFileType = sourcecode.c.objc; name = KxMovieDecoder.m; path = ../kxmovie/KxMovieDecoder.m; sourceTree = "<group>"; };
		1FE5F8B218838DA700CB4C09 /* KxMovieGLView.h */ = {isa = PBXFileReference; fileEncoding = 4; lastKnownFileType = sourcecode.c.h; name = KxMovieGLView.h; path = ../kxmovie/KxMovieGLView.h; sourceTree = "<group>"; };
		1FE5F8B318838DA700CB4C09 /* KxMovieGLView.m */ = {isa = PBXFileReference; fileEncoding = 4; lastKnownFileType = sourcecode.c.objc; name = KxMovieGLView.m; path = ../kxmovie/KxMovieGLView.m; sourceTree = "<group>"; };
		1FE5F8B418838DA700CB4C09 /* KxMovieViewController.h */ = {isa = PBXFileReference; fileEncoding = 4; lastKnownFileType = sourcecode.c.h; name = KxMovieViewController.h; path = ../kxmovie/KxMovieViewController.h; sourceTree = "<group>"; };
		1FE5F8B518838DA700CB4C09 /* KxMovieViewController.m */ = {isa = PBXFileReference; fileEncoding = 4; lastKnownFileType = sourcecode.c.objc; name = KxMovieViewController.m; path = ../kxmovie/KxMovieViewController.m; sourceTree = "<group>"; };
		1FE5F8D518838E8600CB4C09 /* libavcodec.a */ = {isa = PBXFileReference; lastKnownFileType = archive.ar; name = libavcodec.a; path = ../libs/libavcodec.a; sourceTree = "<group>"; };
		1FE5F8D618838E8600CB4C09 /* libavformat.a */ = {isa = PBXFileReference; lastKnownFileType = archive.ar; name = libavformat.a; path = ../libs/libavformat.a; sourceTree = "<group>"; };
		1FE5F8D718838E8600CB4C09 /* libavutil.a */ = {isa = PBXFileReference; lastKnownFileType = archive.ar; name = libavutil.a; path = ../libs/libavutil.a; sourceTree = "<group>"; };
		1FE5F8D818838E8600CB4C09 /* libswresample.a */ = {isa = PBXFileReference; lastKnownFileType = archive.ar; name = libswresample.a; path = ../libs/libswresample.a; sourceTree = "<group>"; };
		1FE5F8D918838E8600CB4C09 /* libswscale.a */ = {isa = PBXFileReference; lastKnownFileType = archive.ar; name = libswscale.a; path = ../libs/libswscale.a; sourceTree = "<group>"; };
		1FE5F8DF18838E9900CB4C09 /* MediaPlayer.framework */ = {isa = PBXFileReference; lastKnownFileType = wrapper.framework; name = MediaPlayer.framework; path = System/Library/Frameworks/MediaPlayer.framework; sourceTree = SDKROOT; };
		1FE5F8E118838EA500CB4C09 /* CoreAudio.framework */ = {isa = PBXFileReference; lastKnownFileType = wrapper.framework; name = CoreAudio.framework; path = System/Library/Frameworks/CoreAudio.framework; sourceTree = SDKROOT; };
		1FE5F8E318838EB200CB4C09 /* AudioToolbox.framework */ = {isa = PBXFileReference; lastKnownFileType = wrapper.framework; name = AudioToolbox.framework; path = System/Library/Frameworks/AudioToolbox.framework; sourceTree = SDKROOT; };
		1FE5F8E518838EC000CB4C09 /* Accelerate.framework */ = {isa = PBXFileReference; lastKnownFileType = wrapper.framework; name = Accelerate.framework; path = System/Library/Frameworks/Accelerate.framework; sourceTree = SDKROOT; };
		1FE5F8E718838ECD00CB4C09 /* QuartzCore.framework */ = {isa = PBXFileReference; lastKnownFileType = wrapper.framework; name = QuartzCore.framework; path = System/Library/Frameworks/QuartzCore.framework; sourceTree = SDKROOT; };
		1FE5F8E918838EDA00CB4C09 /* OpenGLES.framework */ = {isa = PBXFileReference; lastKnownFileType = wrapper.framework; name = OpenGLES.framework; path = System/Library/Frameworks/OpenGLES.framework; sourceTree = SDKROOT; };
		1FE5F8EB18838EEA00CB4C09 /* libz.dylib */ = {isa = PBXFileReference; lastKnownFileType = "compiled.mach-o.dylib"; name = libz.dylib; path = usr/lib/libz.dylib; sourceTree = SDKROOT; };
		1FE5F8ED1883930D00CB4C09 /* AVFoundation.framework */ = {isa = PBXFileReference; lastKnownFileType = wrapper.framework; name = AVFoundation.framework; path = System/Library/Frameworks/AVFoundation.framework; sourceTree = SDKROOT; };
		4D0165C218856D650031DC71 /* FFInternalMoviePlayerController.h */ = {isa = PBXFileReference; fileEncoding = 4; lastKnownFileType = sourcecode.c.h; name = FFInternalMoviePlayerController.h; path = GUI/FFInternalMoviePlayerController.h; sourceTree = "<group>"; };
		4D0165C318856D650031DC71 /* FFInternalMoviePlayerController.m */ = {isa = PBXFileReference; fileEncoding = 4; lastKnownFileType = sourcecode.c.objc; name = FFInternalMoviePlayerController.m; path = GUI/FFInternalMoviePlayerController.m; sourceTree = "<group>"; };
		4DBD97F6188814D000C71747 /* folder.png */ = {isa = PBXFileReference; lastKnownFileType = image.png; name = folder.png; path = Resource/folder.png; sourceTree = "<group>"; };
		4DBD97F7188814D000C71747 /* folder@2x.png */ = {isa = PBXFileReference; lastKnownFileType = image.png; name = "folder@2x.png"; path = "Resource/folder@2x.png"; sourceTree = "<group>"; };
		4DBD97FA1888156D00C71747 /* movie.png */ = {isa = PBXFileReference; lastKnownFileType = image.png; name = movie.png; path = Resource/movie.png; sourceTree = "<group>"; };
		4DBD97FB1888156D00C71747 /* movie@2x.png */ = {isa = PBXFileReference; lastKnownFileType = image.png; name = "movie@2x.png"; path = "Resource/movie@2x.png"; sourceTree = "<group>"; };
		4DBD97FE188815FD00C71747 /* padlock.png */ = {isa = PBXFileReference; lastKnownFileType = image.png; name = padlock.png; path = Resource/padlock.png; sourceTree = "<group>"; };
		4DBD97FF188815FD00C71747 /* padlock@2x.png */ = {isa = PBXFileReference; lastKnownFileType = image.png; name = "padlock@2x.png"; path = "Resource/padlock@2x.png"; sourceTree = "<group>"; };
		4DBD98021888168400C71747 /* disk.png */ = {isa = PBXFileReference; lastKnownFileType = image.png; name = disk.png; path = Resource/disk.png; sourceTree = "<group>"; };
		4DBD98031888168400C71747 /* disk@2x.png */ = {isa = PBXFileReference; lastKnownFileType = image.png; name = "disk@2x.png"; path = "Resource/disk@2x.png"; sourceTree = "<group>"; };
		4DBD980718882A0600C71747 /* GCDWebServer.h */ = {isa = PBXFileReference; fileEncoding = 4; lastKnownFileType = sourcecode.c.h; name = GCDWebServer.h; path = OtherLibs/CGDWebServer/GCDWebServer.h; sourceTree = "<group>"; };
		4DBD980818882A0600C71747 /* GCDWebServer.m */ = {isa = PBXFileReference; fileEncoding = 4; lastKnownFileType = sourcecode.c.objc; name = GCDWebServer.m; path = OtherLibs/CGDWebServer/GCDWebServer.m; sourceTree = "<group>"; };
		4DBD980918882A0600C71747 /* GCDWebServerConnection.h */ = {isa = PBXFileReference; fileEncoding = 4; lastKnownFileType = sourcecode.c.h; name = GCDWebServerConnection.h; path = OtherLibs/CGDWebServer/GCDWebServerConnection.h; sourceTree = "<group>"; };
		4DBD980A18882A0600C71747 /* GCDWebServerConnection.m */ = {isa = PBXFileReference; fileEncoding = 4; lastKnownFileType = sourcecode.c.objc; name = GCDWebServerConnection.m; path = OtherLibs/CGDWebServer/GCDWebServerConnection.m; sourceTree = "<group>"; };
		4DBD980B18882A0600C71747 /* GCDWebServerPrivate.h */ = {isa = PBXFileReference; fileEncoding = 4; lastKnownFileType = sourcecode.c.h; name = GCDWebServerPrivate.h; path = OtherLibs/CGDWebServer/GCDWebServerPrivate.h; sourceTree = "<group>"; };
		4DBD980C18882A0600C71747 /* GCDWebServerRequest.h */ = {isa = PBXFileReference; fileEncoding = 4; lastKnownFileType = sourcecode.c.h; name = GCDWebServerRequest.h; path = OtherLibs/CGDWebServer/GCDWebServerRequest.h; sourceTree = "<group>"; };
		4DBD980D18882A0600C71747 /* GCDWebServerRequest.m */ = {isa = PBXFileReference; fileEncoding = 4; lastKnownFileType = sourcecode.c.objc; name = GCDWebServerRequest.m; path = OtherLibs/CGDWebServer/GCDWebServerRequest.m; sourceTree = "<group>"; };
		4DBD980E18882A0600C71747 /* GCDWebServerResponse.h */ = {isa = PBXFileReference; fileEncoding = 4; lastKnownFileType = sourcecode.c.h; name = GCDWebServerResponse.h; path = OtherLibs/CGDWebServer/GCDWebServerResponse.h; sourceTree = "<group>"; };
		4DBD980F18882A0600C71747 /* GCDWebServerResponse.m */ = {isa = PBXFileReference; fileEncoding = 4; lastKnownFileType = sourcecode.c.objc; name = GCDWebServerResponse.m; path = OtherLibs/CGDWebServer/GCDWebServerResponse.m; sourceTree = "<group>"; };
		4DBD981418882FA100C71747 /* FFWebServer.h */ = {isa = PBXFileReference; fileEncoding = 4; lastKnownFileType = sourcecode.c.h; name = FFWebServer.h; path = Module/FFWebServer.h; sourceTree = "<group>"; };
		4DBD981518882FA100C71747 /* FFWebServer.m */ = {isa = PBXFileReference; fileEncoding = 4; lastKnownFileType = sourcecode.c.objc; name = FFWebServer.m; path = Module/FFWebServer.m; sourceTree = "<group>"; };
/* End PBXFileReference section */

/* Begin PBXFrameworksBuildPhase section */
		1FE5F86A1883891D00CB4C09 /* Frameworks */ = {
			isa = PBXFrameworksBuildPhase;
			buildActionMask = 2147483647;
			files = (
				1FE5F8EE1883930D00CB4C09 /* AVFoundation.framework in Frameworks */,
				1FE5F8EC18838EEA00CB4C09 /* libz.dylib in Frameworks */,
				1FE5F8EA18838EDA00CB4C09 /* OpenGLES.framework in Frameworks */,
				1FE5F8E818838ECD00CB4C09 /* QuartzCore.framework in Frameworks */,
				1FE5F8E618838EC000CB4C09 /* Accelerate.framework in Frameworks */,
				1FE5F8E418838EB200CB4C09 /* AudioToolbox.framework in Frameworks */,
				1FE5F8E218838EA500CB4C09 /* CoreAudio.framework in Frameworks */,
				1FE5F8E018838E9900CB4C09 /* MediaPlayer.framework in Frameworks */,
				1FE5F8DA18838E8600CB4C09 /* libavcodec.a in Frameworks */,
				1FE5F8DB18838E8700CB4C09 /* libavformat.a in Frameworks */,
				1FE5F8DC18838E8700CB4C09 /* libavutil.a in Frameworks */,
				1FE5F8DD18838E8700CB4C09 /* libswresample.a in Frameworks */,
				1FE5F8DE18838E8700CB4C09 /* libswscale.a in Frameworks */,
				1FE5F8731883891D00CB4C09 /* CoreGraphics.framework in Frameworks */,
				1FE5F8751883891D00CB4C09 /* UIKit.framework in Frameworks */,
				1FE5F8711883891D00CB4C09 /* Foundation.framework in Frameworks */,
			);
			runOnlyForDeploymentPostprocessing = 0;
		};
		1FE5F8911883891D00CB4C09 /* Frameworks */ = {
			isa = PBXFrameworksBuildPhase;
			buildActionMask = 2147483647;
			files = (
				1FE5F8961883891D00CB4C09 /* XCTest.framework in Frameworks */,
				1FE5F8981883891D00CB4C09 /* UIKit.framework in Frameworks */,
				1FE5F8971883891D00CB4C09 /* Foundation.framework in Frameworks */,
			);
			runOnlyForDeploymentPostprocessing = 0;
		};
/* End PBXFrameworksBuildPhase section */

/* Begin PBXGroup section */
		1FC0717F1883F25400ED63E8 /* GUI */ = {
			isa = PBXGroup;
			children = (
				1FC071801883F36D00ED63E8 /* FFSettingViewController.h */,
				1FC071811883F36D00ED63E8 /* FFSettingViewController.m */,
				1FC0717C1883F24900ED63E8 /* FFAlertView.h */,
				1FC0717D1883F24900ED63E8 /* FFAlertView.m */,
				1FC071831884C82600ED63E8 /* FFLocalViewController.h */,
				1FC071841884C82600ED63E8 /* FFLocalViewController.m */,
				1FC071B5188518D900ED63E8 /* FFMovieViewController.h */,
				1FC071B6188518D900ED63E8 /* FFMovieViewController.m */,
				4D0165C218856D650031DC71 /* FFInternalMoviePlayerController.h */,
				4D0165C318856D650031DC71 /* FFInternalMoviePlayerController.m */,
				1FC071E11887B68A00ED63E8 /* FFTabViewController.h */,
				1FC071E21887B68A00ED63E8 /* FFTabViewController.m */,
			);
			name = GUI;
			sourceTree = "<group>";
		};
		1FC071861884CD7C00ED63E8 /* Module */ = {
			isa = PBXGroup;
			children = (
				1FC071871884CDAE00ED63E8 /* FFHelper.h */,
				1FC071881884CDAE00ED63E8 /* FFHelper.m */,
				1FC071A81884FCC200ED63E8 /* FFPlayer.h */,
				1FC071A91884FCC200ED63E8 /* FFPlayer.m */,
				4DBD981418882FA100C71747 /* FFWebServer.h */,
				4DBD981518882FA100C71747 /* FFWebServer.m */,
			);
			name = Module;
			sourceTree = "<group>";
		};
		1FC0718A1884FC3B00ED63E8 /* OtherLibs */ = {
			isa = PBXGroup;
			children = (
				4DBD9806188829F800C71747 /* CGDWebServer */,
				1FC071AB18850CF800ED63E8 /* ALMoviePlayerController */,
				1FC0718B1884FC4800ED63E8 /* AFNetworking */,
			);
			name = OtherLibs;
			sourceTree = "<group>";
		};
		1FC0718B1884FC4800ED63E8 /* AFNetworking */ = {
			isa = PBXGroup;
			children = (
				1FC0718C1884FC6600ED63E8 /* AFHTTPRequestOperation.h */,
				1FC0718D1884FC6600ED63E8 /* AFHTTPRequestOperation.m */,
				1FC0718E1884FC6600ED63E8 /* AFHTTPRequestOperationManager.h */,
				1FC0718F1884FC6600ED63E8 /* AFHTTPRequestOperationManager.m */,
				1FC071901884FC6600ED63E8 /* AFHTTPSessionManager.h */,
				1FC071911884FC6600ED63E8 /* AFHTTPSessionManager.m */,
				1FC071921884FC6600ED63E8 /* AFNetworking.h */,
				1FC071931884FC6600ED63E8 /* AFNetworkReachabilityManager.h */,
				1FC071941884FC6600ED63E8 /* AFNetworkReachabilityManager.m */,
				1FC071951884FC6600ED63E8 /* AFSecurityPolicy.h */,
				1FC071961884FC6600ED63E8 /* AFSecurityPolicy.m */,
				1FC071971884FC6600ED63E8 /* AFURLConnectionOperation.h */,
				1FC071981884FC6600ED63E8 /* AFURLConnectionOperation.m */,
				1FC071991884FC6600ED63E8 /* AFURLRequestSerialization.h */,
				1FC0719A1884FC6600ED63E8 /* AFURLRequestSerialization.m */,
				1FC0719B1884FC6600ED63E8 /* AFURLResponseSerialization.h */,
				1FC0719C1884FC6600ED63E8 /* AFURLResponseSerialization.m */,
				1FC0719D1884FC6600ED63E8 /* AFURLSessionManager.h */,
				1FC0719E1884FC6600ED63E8 /* AFURLSessionManager.m */,
			);
			name = AFNetworking;
			sourceTree = "<group>";
		};
		1FC071AB18850CF800ED63E8 /* ALMoviePlayerController */ = {
			isa = PBXGroup;
			children = (
				1FC071AC18850D1F00ED63E8 /* ALAirplayView.h */,
				1FC071AD18850D1F00ED63E8 /* ALAirplayView.m */,
				1FC071AE18850D1F00ED63E8 /* ALButton.h */,
				1FC071AF18850D1F00ED63E8 /* ALButton.m */,
				1FC071B018850D1F00ED63E8 /* ALMoviePlayerControls.h */,
				1FC071B118850D1F00ED63E8 /* ALMoviePlayerControls.m */,
			);
			name = ALMoviePlayerController;
			sourceTree = "<group>";
		};
		1FC071B81885361E00ED63E8 /* Resource */ = {
			isa = PBXGroup;
			children = (
				4DBD98021888168400C71747 /* disk.png */,
				4DBD98031888168400C71747 /* disk@2x.png */,
				4DBD97FE188815FD00C71747 /* padlock.png */,
				4DBD97FF188815FD00C71747 /* padlock@2x.png */,
				4DBD97FA1888156D00C71747 /* movie.png */,
				4DBD97FB1888156D00C71747 /* movie@2x.png */,
				4DBD97F6188814D000C71747 /* folder.png */,
				4DBD97F7188814D000C71747 /* folder@2x.png */,
				1FC071D91886508200ED63E8 /* movieNext.png */,
				1FC071DA1886508200ED63E8 /* movieNext@2x.png */,
				1FC071DB1886508200ED63E8 /* moviePrev.png */,
				1FC071DC1886508200ED63E8 /* moviePrev@2x.png */,
				1FC071B91885366D00ED63E8 /* movieBackward.png */,
				1FC071BA1885366D00ED63E8 /* movieBackward@2x.png */,
				1FC071BB1885366D00ED63E8 /* movieBackwardSelected.png */,
				1FC071BC1885366D00ED63E8 /* movieBackwardSelected@2x.png */,
				1FC071BD1885366D00ED63E8 /* movieEndFullscreen.png */,
				1FC071BE1885366D00ED63E8 /* movieEndFullscreen@2x.png */,
				1FC071BF1885366D00ED63E8 /* movieForward.png */,
				1FC071C01885366D00ED63E8 /* movieForward@2x.png */,
				1FC071C11885366D00ED63E8 /* movieForwardSelected.png */,
				1FC071C21885366D00ED63E8 /* movieForwardSelected@2x.png */,
				1FC071C31885366D00ED63E8 /* movieFullscreen.png */,
				1FC071C41885366D00ED63E8 /* movieFullscreen@2x.png */,
				1FC071C51885366D00ED63E8 /* moviePause.png */,
				1FC071C61885366D00ED63E8 /* moviePause@2x.png */,
				1FC071C71885366D00ED63E8 /* moviePlay.png */,
				1FC071C81885366D00ED63E8 /* moviePlay@2x.png */,
			);
			name = Resource;
			sourceTree = "<group>";
		};
		1FE5F8641883891D00CB4C09 = {
			isa = PBXGroup;
			children = (
				1FE5F8AB18838D9100CB4C09 /* kxmovie */,
				1FE5F8761883891D00CB4C09 /* FFPlayer */,
				1FE5F89B1883891D00CB4C09 /* FFPlayerTests */,
				1FE5F86F1883891D00CB4C09 /* Frameworks */,
				1FE5F86E1883891D00CB4C09 /* Products */,
			);
			sourceTree = "<group>";
		};
		1FE5F86E1883891D00CB4C09 /* Products */ = {
			isa = PBXGroup;
			children = (
				1FE5F86D1883891D00CB4C09 /* FFPlayer.app */,
				1FE5F8941883891D00CB4C09 /* FFPlayerTests.xctest */,
			);
			name = Products;
			sourceTree = "<group>";
		};
		1FE5F86F1883891D00CB4C09 /* Frameworks */ = {
			isa = PBXGroup;
			children = (
				1FE5F8ED1883930D00CB4C09 /* AVFoundation.framework */,
				1FE5F8EB18838EEA00CB4C09 /* libz.dylib */,
				1FE5F8E918838EDA00CB4C09 /* OpenGLES.framework */,
				1FE5F8E718838ECD00CB4C09 /* QuartzCore.framework */,
				1FE5F8E518838EC000CB4C09 /* Accelerate.framework */,
				1FE5F8E318838EB200CB4C09 /* AudioToolbox.framework */,
				1FE5F8E118838EA500CB4C09 /* CoreAudio.framework */,
				1FE5F8DF18838E9900CB4C09 /* MediaPlayer.framework */,
				1FE5F8D518838E8600CB4C09 /* libavcodec.a */,
				1FE5F8D618838E8600CB4C09 /* libavformat.a */,
				1FE5F8D718838E8600CB4C09 /* libavutil.a */,
				1FE5F8D818838E8600CB4C09 /* libswresample.a */,
				1FE5F8D918838E8600CB4C09 /* libswscale.a */,
				1FE5F8701883891D00CB4C09 /* Foundation.framework */,
				1FE5F8721883891D00CB4C09 /* CoreGraphics.framework */,
				1FE5F8741883891D00CB4C09 /* UIKit.framework */,
				1FE5F8951883891D00CB4C09 /* XCTest.framework */,
			);
			name = Frameworks;
			sourceTree = "<group>";
		};
		1FE5F8761883891D00CB4C09 /* FFPlayer */ = {
			isa = PBXGroup;
			children = (
				1FC071B81885361E00ED63E8 /* Resource */,
				1FC0718A1884FC3B00ED63E8 /* OtherLibs */,
				1FC071861884CD7C00ED63E8 /* Module */,
				1FC0717F1883F25400ED63E8 /* GUI */,
				1FE5F87F1883891D00CB4C09 /* FFAppDelegate.h */,
				1FE5F8801883891D00CB4C09 /* FFAppDelegate.m */,
				1FE5F8821883891D00CB4C09 /* Main_iPhone.storyboard */,
				1FE5F8851883891D00CB4C09 /* Main_iPad.storyboard */,
				1FE5F88E1883891D00CB4C09 /* Images.xcassets */,
				1FE5F8771883891D00CB4C09 /* Supporting Files */,
			);
			path = FFPlayer;
			sourceTree = "<group>";
		};
		1FE5F8771883891D00CB4C09 /* Supporting Files */ = {
			isa = PBXGroup;
			children = (
				1FE5F8781883891D00CB4C09 /* FFPlayer-Info.plist */,
				1FE5F8791883891D00CB4C09 /* InfoPlist.strings */,
				1FE5F87C1883891D00CB4C09 /* main.m */,
				1FE5F87E1883891D00CB4C09 /* FFPlayer-Prefix.pch */,
			);
			name = "Supporting Files";
			sourceTree = "<group>";
		};
		1FE5F89B1883891D00CB4C09 /* FFPlayerTests */ = {
			isa = PBXGroup;
			children = (
				1FE5F8A11883891D00CB4C09 /* FFPlayerTests.m */,
				1FE5F89C1883891D00CB4C09 /* Supporting Files */,
			);
			path = FFPlayerTests;
			sourceTree = "<group>";
		};
		1FE5F89C1883891D00CB4C09 /* Supporting Files */ = {
			isa = PBXGroup;
			children = (
				1FE5F89D1883891D00CB4C09 /* FFPlayerTests-Info.plist */,
				1FE5F89E1883891D00CB4C09 /* InfoPlist.strings */,
			);
			name = "Supporting Files";
			sourceTree = "<group>";
		};
		1FE5F8AB18838D9100CB4C09 /* kxmovie */ = {
			isa = PBXGroup;
			children = (
				1FE5F8AC18838DA700CB4C09 /* KxAudioManager.h */,
				1FE5F8AD18838DA700CB4C09 /* KxAudioManager.m */,
				1FE5F8AE18838DA700CB4C09 /* kxmovie-Prefix.pch */,
				1FE5F8B018838DA700CB4C09 /* KxMovieDecoder.h */,
				1FE5F8B118838DA700CB4C09 /* KxMovieDecoder.m */,
				1FE5F8B218838DA700CB4C09 /* KxMovieGLView.h */,
				1FE5F8B318838DA700CB4C09 /* KxMovieGLView.m */,
				1FE5F8B418838DA700CB4C09 /* KxMovieViewController.h */,
				1FE5F8B518838DA700CB4C09 /* KxMovieViewController.m */,
			);
			name = kxmovie;
			sourceTree = "<group>";
		};
		4DBD9806188829F800C71747 /* CGDWebServer */ = {
			isa = PBXGroup;
			children = (
				4DBD980718882A0600C71747 /* GCDWebServer.h */,
				4DBD980818882A0600C71747 /* GCDWebServer.m */,
				4DBD980918882A0600C71747 /* GCDWebServerConnection.h */,
				4DBD980A18882A0600C71747 /* GCDWebServerConnection.m */,
				4DBD980B18882A0600C71747 /* GCDWebServerPrivate.h */,
				4DBD980C18882A0600C71747 /* GCDWebServerRequest.h */,
				4DBD980D18882A0600C71747 /* GCDWebServerRequest.m */,
				4DBD980E18882A0600C71747 /* GCDWebServerResponse.h */,
				4DBD980F18882A0600C71747 /* GCDWebServerResponse.m */,
			);
			name = CGDWebServer;
			sourceTree = "<group>";
		};
/* End PBXGroup section */

/* Begin PBXNativeTarget section */
		1FE5F86C1883891D00CB4C09 /* FFPlayer */ = {
			isa = PBXNativeTarget;
			buildConfigurationList = 1FE5F8A51883891D00CB4C09 /* Build configuration list for PBXNativeTarget "FFPlayer" */;
			buildPhases = (
				1FE5F8691883891D00CB4C09 /* Sources */,
				1FE5F86A1883891D00CB4C09 /* Frameworks */,
				1FE5F86B1883891D00CB4C09 /* Resources */,
			);
			buildRules = (
			);
			dependencies = (
			);
			name = FFPlayer;
			productName = FFPlayer;
			productReference = 1FE5F86D1883891D00CB4C09 /* FFPlayer.app */;
			productType = "com.apple.product-type.application";
		};
		1FE5F8931883891D00CB4C09 /* FFPlayerTests */ = {
			isa = PBXNativeTarget;
			buildConfigurationList = 1FE5F8A81883891D00CB4C09 /* Build configuration list for PBXNativeTarget "FFPlayerTests" */;
			buildPhases = (
				1FE5F8901883891D00CB4C09 /* Sources */,
				1FE5F8911883891D00CB4C09 /* Frameworks */,
				1FE5F8921883891D00CB4C09 /* Resources */,
			);
			buildRules = (
			);
			dependencies = (
				1FE5F89A1883891D00CB4C09 /* PBXTargetDependency */,
			);
			name = FFPlayerTests;
			productName = FFPlayerTests;
			productReference = 1FE5F8941883891D00CB4C09 /* FFPlayerTests.xctest */;
			productType = "com.apple.product-type.bundle.unit-test";
		};
/* End PBXNativeTarget section */

/* Begin PBXProject section */
		1FE5F8651883891D00CB4C09 /* Project object */ = {
			isa = PBXProject;
			attributes = {
				CLASSPREFIX = FF;
				LastUpgradeCheck = 0500;
				ORGANIZATIONNAME = Coremail;
				TargetAttributes = {
					1FE5F86C1883891D00CB4C09 = {
						DevelopmentTeam = GHZSG5U6EB;
					};
					1FE5F8931883891D00CB4C09 = {
						TestTargetID = 1FE5F86C1883891D00CB4C09;
					};
				};
			};
			buildConfigurationList = 1FE5F8681883891D00CB4C09 /* Build configuration list for PBXProject "FFPlayer" */;
			compatibilityVersion = "Xcode 3.2";
			developmentRegion = English;
			hasScannedForEncodings = 0;
			knownRegions = (
				en,
				Base,
			);
			mainGroup = 1FE5F8641883891D00CB4C09;
			productRefGroup = 1FE5F86E1883891D00CB4C09 /* Products */;
			projectDirPath = "";
			projectRoot = "";
			targets = (
				1FE5F86C1883891D00CB4C09 /* FFPlayer */,
				1FE5F8931883891D00CB4C09 /* FFPlayerTests */,
			);
		};
/* End PBXProject section */

/* Begin PBXResourcesBuildPhase section */
		1FE5F86B1883891D00CB4C09 /* Resources */ = {
			isa = PBXResourcesBuildPhase;
			buildActionMask = 2147483647;
			files = (
				1FC071CF1885366D00ED63E8 /* movieForward.png in Resources */,
				1FC071DD1886508200ED63E8 /* movieNext.png in Resources */,
				4DBD97FC1888156D00C71747 /* movie.png in Resources */,
				1FC071D21885366D00ED63E8 /* movieForwardSelected@2x.png in Resources */,
				1FC071D71885366D00ED63E8 /* moviePlay.png in Resources */,
				1FE5F8871883891D00CB4C09 /* Main_iPad.storyboard in Resources */,
				1FC071D41885366D00ED63E8 /* movieFullscreen@2x.png in Resources */,
				1FC071D61885366D00ED63E8 /* moviePause@2x.png in Resources */,
				1FC071D81885366D00ED63E8 /* moviePlay@2x.png in Resources */,
				1FC071D11885366D00ED63E8 /* movieForwardSelected.png in Resources */,
				1FE5F88F1883891D00CB4C09 /* Images.xcassets in Resources */,
				4DBD9801188815FD00C71747 /* padlock@2x.png in Resources */,
				1FC071CD1885366D00ED63E8 /* movieEndFullscreen.png in Resources */,
				1FC071CA1885366D00ED63E8 /* movieBackward@2x.png in Resources */,
				1FC071DF1886508200ED63E8 /* moviePrev.png in Resources */,
				4DBD98041888168400C71747 /* disk.png in Resources */,
				1FC071D01885366D00ED63E8 /* movieForward@2x.png in Resources */,
				1FC071D31885366D00ED63E8 /* movieFullscreen.png in Resources */,
				1FC071CB1885366D00ED63E8 /* movieBackwardSelected.png in Resources */,
				4DBD98051888168400C71747 /* disk@2x.png in Resources */,
				4DBD97F9188814D000C71747 /* folder@2x.png in Resources */,
				1FC071C91885366D00ED63E8 /* movieBackward.png in Resources */,
				1FC071CC1885366D00ED63E8 /* movieBackwardSelected@2x.png in Resources */,
				1FE5F8841883891D00CB4C09 /* Main_iPhone.storyboard in Resources */,
				4DBD97FD1888156D00C71747 /* movie@2x.png in Resources */,
				4DBD97F8188814D000C71747 /* folder.png in Resources */,
				1FC071E01886508200ED63E8 /* moviePrev@2x.png in Resources */,
				4DBD9800188815FD00C71747 /* padlock.png in Resources */,
				1FC071D51885366D00ED63E8 /* moviePause.png in Resources */,
				1FE5F87B1883891D00CB4C09 /* InfoPlist.strings in Resources */,
				1FC071CE1885366D00ED63E8 /* movieEndFullscreen@2x.png in Resources */,
				1FC071DE1886508200ED63E8 /* movieNext@2x.png in Resources */,
			);
			runOnlyForDeploymentPostprocessing = 0;
		};
		1FE5F8921883891D00CB4C09 /* Resources */ = {
			isa = PBXResourcesBuildPhase;
			buildActionMask = 2147483647;
			files = (
				1FE5F8A01883891D00CB4C09 /* InfoPlist.strings in Resources */,
			);
			runOnlyForDeploymentPostprocessing = 0;
		};
/* End PBXResourcesBuildPhase section */

/* Begin PBXSourcesBuildPhase section */
		1FE5F8691883891D00CB4C09 /* Sources */ = {
			isa = PBXSourcesBuildPhase;
			buildActionMask = 2147483647;
			files = (
				1FC071B318850D1F00ED63E8 /* ALButton.m in Sources */,
				1FC071A41884FC6600ED63E8 /* AFURLConnectionOperation.m in Sources */,
				1FC071851884C82600ED63E8 /* FFLocalViewController.m in Sources */,
				1FC071A31884FC6600ED63E8 /* AFSecurityPolicy.m in Sources */,
				4D0165C418856D650031DC71 /* FFInternalMoviePlayerController.m in Sources */,
				4DBD981018882A0600C71747 /* GCDWebServer.m in Sources */,
				1FE5F8B618838DA700CB4C09 /* KxAudioManager.m in Sources */,
				1FC071B7188518D900ED63E8 /* FFMovieViewController.m in Sources */,
				1FC071B418850D1F00ED63E8 /* ALMoviePlayerControls.m in Sources */,
				1FC071A01884FC6600ED63E8 /* AFHTTPRequestOperationManager.m in Sources */,
				1FE5F8811883891D00CB4C09 /* FFAppDelegate.m in Sources */,
				1FC0717E1883F24900ED63E8 /* FFAlertView.m in Sources */,
				1FE5F87D1883891D00CB4C09 /* main.m in Sources */,
				1FC071891884CDAE00ED63E8 /* FFHelper.m in Sources */,
				1FE5F8BA18838DA700CB4C09 /* KxMovieViewController.m in Sources */,
				1FC071AA1884FCC200ED63E8 /* FFPlayer.m in Sources */,
				1FC071A71884FC6600ED63E8 /* AFURLSessionManager.m in Sources */,
				4DBD981318882A0600C71747 /* GCDWebServerResponse.m in Sources */,
				4DBD981618882FA100C71747 /* FFWebServer.m in Sources */,
				1FC071A61884FC6600ED63E8 /* AFURLResponseSerialization.m in Sources */,
				1FC071821883F36D00ED63E8 /* FFSettingViewController.m in Sources */,
				1FC071B218850D1F00ED63E8 /* ALAirplayView.m in Sources */,
				1FE5F8B918838DA700CB4C09 /* KxMovieGLView.m in Sources */,
				1FC071A51884FC6600ED63E8 /* AFURLRequestSerialization.m in Sources */,
				4DBD981118882A0600C71747 /* GCDWebServerConnection.m in Sources */,
				1FC071A21884FC6600ED63E8 /* AFNetworkReachabilityManager.m in Sources */,
				1FC071E31887B68A00ED63E8 /* FFTabViewController.m in Sources */,
				1FE5F8B818838DA700CB4C09 /* KxMovieDecoder.m in Sources */,
				1FC0719F1884FC6600ED63E8 /* AFHTTPRequestOperation.m in Sources */,
				1FC071A11884FC6600ED63E8 /* AFHTTPSessionManager.m in Sources */,
				4DBD981218882A0600C71747 /* GCDWebServerRequest.m in Sources */,
			);
			runOnlyForDeploymentPostprocessing = 0;
		};
		1FE5F8901883891D00CB4C09 /* Sources */ = {
			isa = PBXSourcesBuildPhase;
			buildActionMask = 2147483647;
			files = (
				1FE5F8A21883891D00CB4C09 /* FFPlayerTests.m in Sources */,
			);
			runOnlyForDeploymentPostprocessing = 0;
		};
/* End PBXSourcesBuildPhase section */

/* Begin PBXTargetDependency section */
		1FE5F89A1883891D00CB4C09 /* PBXTargetDependency */ = {
			isa = PBXTargetDependency;
			target = 1FE5F86C1883891D00CB4C09 /* FFPlayer */;
			targetProxy = 1FE5F8991883891D00CB4C09 /* PBXContainerItemProxy */;
		};
/* End PBXTargetDependency section */

/* Begin PBXVariantGroup section */
		1FE5F8791883891D00CB4C09 /* InfoPlist.strings */ = {
			isa = PBXVariantGroup;
			children = (
				1FE5F87A1883891D00CB4C09 /* en */,
			);
			name = InfoPlist.strings;
			sourceTree = "<group>";
		};
		1FE5F8821883891D00CB4C09 /* Main_iPhone.storyboard */ = {
			isa = PBXVariantGroup;
			children = (
				1FE5F8831883891D00CB4C09 /* Base */,
			);
			name = Main_iPhone.storyboard;
			sourceTree = "<group>";
		};
		1FE5F8851883891D00CB4C09 /* Main_iPad.storyboard */ = {
			isa = PBXVariantGroup;
			children = (
				1FE5F8861883891D00CB4C09 /* Base */,
			);
			name = Main_iPad.storyboard;
			sourceTree = "<group>";
		};
		1FE5F89E1883891D00CB4C09 /* InfoPlist.strings */ = {
			isa = PBXVariantGroup;
			children = (
				1FE5F89F1883891D00CB4C09 /* en */,
			);
			name = InfoPlist.strings;
			sourceTree = "<group>";
		};
/* End PBXVariantGroup section */

/* Begin XCBuildConfiguration section */
		1FE5F8A31883891D00CB4C09 /* Debug */ = {
			isa = XCBuildConfiguration;
			buildSettings = {
				ALWAYS_SEARCH_USER_PATHS = NO;
				ARCHS = "$(ARCHS_STANDARD_INCLUDING_64_BIT)";
				CLANG_CXX_LANGUAGE_STANDARD = "gnu++0x";
				CLANG_CXX_LIBRARY = "libc++";
				CLANG_ENABLE_MODULES = YES;
				CLANG_ENABLE_OBJC_ARC = YES;
				CLANG_WARN_BOOL_CONVERSION = YES;
				CLANG_WARN_CONSTANT_CONVERSION = YES;
				CLANG_WARN_DIRECT_OBJC_ISA_USAGE = YES_ERROR;
				CLANG_WARN_EMPTY_BODY = YES;
				CLANG_WARN_ENUM_CONVERSION = YES;
				CLANG_WARN_INT_CONVERSION = YES;
				CLANG_WARN_OBJC_ROOT_CLASS = YES_ERROR;
				CLANG_WARN__DUPLICATE_METHOD_MATCH = YES;
				"CODE_SIGN_IDENTITY[sdk=iphoneos*]" = "iPhone Developer";
				COPY_PHASE_STRIP = NO;
				GCC_C_LANGUAGE_STANDARD = gnu99;
				GCC_DYNAMIC_NO_PIC = NO;
				GCC_OPTIMIZATION_LEVEL = 0;
				GCC_PREPROCESSOR_DEFINITIONS = (
					"DEBUG=1",
					"$(inherited)",
				);
				GCC_SYMBOLS_PRIVATE_EXTERN = NO;
				GCC_WARN_64_TO_32_BIT_CONVERSION = YES;
				GCC_WARN_ABOUT_RETURN_TYPE = YES_ERROR;
				GCC_WARN_UNDECLARED_SELECTOR = YES;
				GCC_WARN_UNINITIALIZED_AUTOS = YES;
				GCC_WARN_UNUSED_FUNCTION = YES;
				GCC_WARN_UNUSED_VARIABLE = YES;
				IPHONEOS_DEPLOYMENT_TARGET = 7.0;
				ONLY_ACTIVE_ARCH = YES;
				SDKROOT = iphoneos;
				TARGETED_DEVICE_FAMILY = "1,2";
			};
			name = Debug;
		};
		1FE5F8A41883891D00CB4C09 /* Release */ = {
			isa = XCBuildConfiguration;
			buildSettings = {
				ALWAYS_SEARCH_USER_PATHS = NO;
				ARCHS = "$(ARCHS_STANDARD_INCLUDING_64_BIT)";
				CLANG_CXX_LANGUAGE_STANDARD = "gnu++0x";
				CLANG_CXX_LIBRARY = "libc++";
				CLANG_ENABLE_MODULES = YES;
				CLANG_ENABLE_OBJC_ARC = YES;
				CLANG_WARN_BOOL_CONVERSION = YES;
				CLANG_WARN_CONSTANT_CONVERSION = YES;
				CLANG_WARN_DIRECT_OBJC_ISA_USAGE = YES_ERROR;
				CLANG_WARN_EMPTY_BODY = YES;
				CLANG_WARN_ENUM_CONVERSION = YES;
				CLANG_WARN_INT_CONVERSION = YES;
				CLANG_WARN_OBJC_ROOT_CLASS = YES_ERROR;
				CLANG_WARN__DUPLICATE_METHOD_MATCH = YES;
				"CODE_SIGN_IDENTITY[sdk=iphoneos*]" = "iPhone Developer";
				COPY_PHASE_STRIP = YES;
				ENABLE_NS_ASSERTIONS = NO;
				GCC_C_LANGUAGE_STANDARD = gnu99;
				GCC_WARN_64_TO_32_BIT_CONVERSION = YES;
				GCC_WARN_ABOUT_RETURN_TYPE = YES_ERROR;
				GCC_WARN_UNDECLARED_SELECTOR = YES;
				GCC_WARN_UNINITIALIZED_AUTOS = YES;
				GCC_WARN_UNUSED_FUNCTION = YES;
				GCC_WARN_UNUSED_VARIABLE = YES;
				IPHONEOS_DEPLOYMENT_TARGET = 7.0;
				SDKROOT = iphoneos;
				TARGETED_DEVICE_FAMILY = "1,2";
				VALIDATE_PRODUCT = YES;
			};
			name = Release;
		};
		1FE5F8A61883891D00CB4C09 /* Debug */ = {
			isa = XCBuildConfiguration;
			buildSettings = {
				ARCHS = "$(ARCHS_STANDARD)";
				ASSETCATALOG_COMPILER_APPICON_NAME = AppIcon;
				ASSETCATALOG_COMPILER_LAUNCHIMAGE_NAME = LaunchImage;
				CODE_SIGN_IDENTITY = "iPhone Developer";
				"CODE_SIGN_IDENTITY[sdk=iphoneos*]" = "iPhone Developer";
				GCC_PRECOMPILE_PREFIX_HEADER = YES;
				GCC_PREFIX_HEADER = "FFPlayer/FFPlayer-Prefix.pch";
				HEADER_SEARCH_PATHS = (
					"$(inherited)",
					/Applications/Xcode.app/Contents/Developer/Toolchains/XcodeDefault.xctoolchain/usr/include,
					../ffmpeg/include,
				);
				INFOPLIST_FILE = "FFPlayer/FFPlayer-Info.plist";
				LIBRARY_SEARCH_PATHS = (
					"$(inherited)",
					../ffmpeg/libs,
				);
				PRODUCT_NAME = "$(TARGET_NAME)";
				PROVISIONING_PROFILE = "3E789FC6-FF1F-40A5-9F4B-5592EA4A2866";
				WRAPPER_EXTENSION = app;
			};
			name = Debug;
		};
		1FE5F8A71883891D00CB4C09 /* Release */ = {
			isa = XCBuildConfiguration;
			buildSettings = {
				ARCHS = "$(ARCHS_STANDARD)";
				ASSETCATALOG_COMPILER_APPICON_NAME = AppIcon;
				ASSETCATALOG_COMPILER_LAUNCHIMAGE_NAME = LaunchImage;
				CODE_SIGN_IDENTITY = "iPhone Developer";
				"CODE_SIGN_IDENTITY[sdk=iphoneos*]" = "iPhone Developer";
				GCC_PRECOMPILE_PREFIX_HEADER = YES;
				GCC_PREFIX_HEADER = "FFPlayer/FFPlayer-Prefix.pch";
				HEADER_SEARCH_PATHS = (
					"$(inherited)",
					/Applications/Xcode.app/Contents/Developer/Toolchains/XcodeDefault.xctoolchain/usr/include,
					../ffmpeg/include,
				);
				INFOPLIST_FILE = "FFPlayer/FFPlayer-Info.plist";
				LIBRARY_SEARCH_PATHS = (
					"$(inherited)",
					../ffmpeg/libs,
				);
				PRODUCT_NAME = "$(TARGET_NAME)";
				PROVISIONING_PROFILE = "3E789FC6-FF1F-40A5-9F4B-5592EA4A2866";
				WRAPPER_EXTENSION = app;
			};
			name = Release;
		};
		1FE5F8A91883891D00CB4C09 /* Debug */ = {
			isa = XCBuildConfiguration;
			buildSettings = {
				ARCHS = "$(ARCHS_STANDARD_INCLUDING_64_BIT)";
				BUNDLE_LOADER = "$(BUILT_PRODUCTS_DIR)/FFPlayer.app/FFPlayer";
				FRAMEWORK_SEARCH_PATHS = (
					"$(SDKROOT)/Developer/Library/Frameworks",
					"$(inherited)",
					"$(DEVELOPER_FRAMEWORKS_DIR)",
				);
				GCC_PRECOMPILE_PREFIX_HEADER = YES;
				GCC_PREFIX_HEADER = "FFPlayer/FFPlayer-Prefix.pch";
				GCC_PREPROCESSOR_DEFINITIONS = (
					"DEBUG=1",
					"$(inherited)",
				);
				INFOPLIST_FILE = "FFPlayerTests/FFPlayerTests-Info.plist";
				PRODUCT_NAME = "$(TARGET_NAME)";
				TEST_HOST = "$(BUNDLE_LOADER)";
				WRAPPER_EXTENSION = xctest;
			};
			name = Debug;
		};
		1FE5F8AA1883891D00CB4C09 /* Release */ = {
			isa = XCBuildConfiguration;
			buildSettings = {
				ARCHS = "$(ARCHS_STANDARD_INCLUDING_64_BIT)";
				BUNDLE_LOADER = "$(BUILT_PRODUCTS_DIR)/FFPlayer.app/FFPlayer";
				FRAMEWORK_SEARCH_PATHS = (
					"$(SDKROOT)/Developer/Library/Frameworks",
					"$(inherited)",
					"$(DEVELOPER_FRAMEWORKS_DIR)",
				);
				GCC_PRECOMPILE_PREFIX_HEADER = YES;
				GCC_PREFIX_HEADER = "FFPlayer/FFPlayer-Prefix.pch";
				INFOPLIST_FILE = "FFPlayerTests/FFPlayerTests-Info.plist";
				PRODUCT_NAME = "$(TARGET_NAME)";
				TEST_HOST = "$(BUNDLE_LOADER)";
				WRAPPER_EXTENSION = xctest;
			};
			name = Release;
		};
/* End XCBuildConfiguration section */

/* Begin XCConfigurationList section */
		1FE5F8681883891D00CB4C09 /* Build configuration list for PBXProject "FFPlayer" */ = {
			isa = XCConfigurationList;
			buildConfigurations = (
				1FE5F8A31883891D00CB4C09 /* Debug */,
				1FE5F8A41883891D00CB4C09 /* Release */,
			);
			defaultConfigurationIsVisible = 0;
			defaultConfigurationName = Release;
		};
		1FE5F8A51883891D00CB4C09 /* Build configuration list for PBXNativeTarget "FFPlayer" */ = {
			isa = XCConfigurationList;
			buildConfigurations = (
				1FE5F8A61883891D00CB4C09 /* Debug */,
				1FE5F8A71883891D00CB4C09 /* Release */,
			);
			defaultConfigurationIsVisible = 0;
			defaultConfigurationName = Release;
		};
		1FE5F8A81883891D00CB4C09 /* Build configuration list for PBXNativeTarget "FFPlayerTests" */ = {
			isa = XCConfigurationList;
			buildConfigurations = (
				1FE5F8A91883891D00CB4C09 /* Debug */,
				1FE5F8AA1883891D00CB4C09 /* Release */,
			);
			defaultConfigurationIsVisible = 0;
			defaultConfigurationName = Release;
		};
/* End XCConfigurationList section */
	};
	rootObject = 1FE5F8651883891D00CB4C09 /* Project object */;
}
